
Microsoft Visual Studio Solution File, Format Version 12.00
# Visual Studio Version 16
VisualStudioVersion = 16.0.31005.135
MinimumVisualStudioVersion = 10.0.40219.1
Project("{FAE04EC0-301F-11D3-BF4B-00C04F79EFBC}") = "Notesmarketplace1", "Notesmarketplace1.csproj", "{9CB30668-635E-47CB-B328-4D84395E195B}"
EndProject
Global
	GlobalSection(SolutionConfigurationPlatforms) = preSolution
		Debug|Any CPU = Debug|Any CPU
		Release|Any CPU = Release|Any CPU
	EndGlobalSection
	GlobalSection(ProjectConfigurationPlatforms) = postSolution
		{9CB30668-635E-47CB-B328-4D84395E195B}.Debug|Any CPU.ActiveCfg = Debug|Any CPU
		{9CB30668-635E-47CB-B328-4D84395E195B}.Debug|Any CPU.Build.0 = Debug|Any CPU
		{9CB30668-635E-47CB-B328-4D84395E195B}.Release|Any CPU.ActiveCfg = Release|Any CPU
		{9CB30668-635E-47CB-B328-4D84395E195B}.Release|Any CPU.Build.0 = Release|Any CPU
	EndGlobalSection
	GlobalSection(SolutionProperties) = preSolution
		HideSolutionNode = FALSE
	EndGlobalSection
	GlobalSection(ExtensibilityGlobals) = postSolution
		SolutionGuid = {BE5C87DC-B941-4277-A73F-06AB1051433B}
	EndGlobalSection
EndGlobal
